// !$*UTF8*$!
{
	archiveVersion = 1;
	classes = {
	};
	objectVersion = 50;
	objects = {

/* Begin PBXBuildFile section */
		543853C6251025B10029500E /* iqv.bundle in Resources */ = {isa = PBXBuildFile; fileRef = 543853C4251025B10029500E /* iqv.bundle */; };
		543853EB251027370029500E /* .gitattributes in Resources */ = {isa = PBXBuildFile; fileRef = 543853E9251027370029500E /* .gitattributes */; };
		543853EC251027370029500E /* OMSDK-iOS-v1-Iqzone.a in Frameworks */ = {isa = PBXBuildFile; fileRef = 543853EA251027370029500E /* OMSDK-iOS-v1-Iqzone.a */; };
		5438542725102B8F0029500E /* IQVStatic.framework in Frameworks */ = {isa = PBXBuildFile; fileRef = 5438542625102B8F0029500E /* IQVStatic.framework */; };
		54E93E10243BCA0200178BBF /* main.m in Sources */ = {isa = PBXBuildFile; fileRef = 54E93DFF243BCA0100178BBF /* main.m */; };
		54E93E11243BCA0200178BBF /* SceneDelegate.m in Sources */ = {isa = PBXBuildFile; fileRef = 54E93E01243BCA0100178BBF /* SceneDelegate.m */; };
		54E93E12243BCA0200178BBF /* AdSdkDemoSettings.m in Sources */ = {isa = PBXBuildFile; fileRef = 54E93E02243BCA0100178BBF /* AdSdkDemoSettings.m */; };
		54E93E13243BCA0200178BBF /* BannerViewController.m in Sources */ = {isa = PBXBuildFile; fileRef = 54E93E04243BCA0100178BBF /* BannerViewController.m */; };
		54E93E14243BCA0200178BBF /* AppDelegate.m in Sources */ = {isa = PBXBuildFile; fileRef = 54E93E07243BCA0100178BBF /* AppDelegate.m */; };
		54E93E16243BCA0200178BBF /* Assets.xcassets in Resources */ = {isa = PBXBuildFile; fileRef = 54E93E09243BCA0200178BBF /* Assets.xcassets */; };
		54E93E17243BCA0200178BBF /* Main.storyboard in Resources */ = {isa = PBXBuildFile; fileRef = 54E93E0A243BCA0200178BBF /* Main.storyboard */; };
		54E93E18243BCA0200178BBF /* InterstitialViewController.m in Sources */ = {isa = PBXBuildFile; fileRef = 54E93E0B243BCA0200178BBF /* InterstitialViewController.m */; };
		54E93E19243BCA0200178BBF /* MRectViewController.m in Sources */ = {isa = PBXBuildFile; fileRef = 54E93E0E243BCA0200178BBF /* MRectViewController.m */; };
		54E93E1A243BCA0200178BBF /* LaunchScreen.storyboard in Resources */ = {isa = PBXBuildFile; fileRef = 54E93E0F243BCA0200178BBF /* LaunchScreen.storyboard */; };
		7E1B1A442500F767004E4BF8 /* omsdk.js in Resources */ = {isa = PBXBuildFile; fileRef = 7E1B1A422500F767004E4BF8 /* omsdk.js */; };
		7E6349E02488FE8000B30DFE /* VideoInterstitialViewController.m in Sources */ = {isa = PBXBuildFile; fileRef = 7E6349DF2488FE8000B30DFE /* VideoInterstitialViewController.m */; };
/* End PBXBuildFile section */

/* Begin PBXFileReference section */
		543853C4251025B10029500E /* iqv.bundle */ = {isa = PBXFileReference; lastKnownFileType = "wrapper.plug-in"; path = iqv.bundle; sourceTree = "<group>"; };
		543853DC251027370029500E /* OMIDAdSession.h */ = {isa = PBXFileReference; fileEncoding = 4; lastKnownFileType = sourcecode.c.h; path = OMIDAdSession.h; sourceTree = "<group>"; };
		543853DD251027370029500E /* OMIDSDK.h */ = {isa = PBXFileReference; fileEncoding = 4; lastKnownFileType = sourcecode.c.h; path = OMIDSDK.h; sourceTree = "<group>"; };
		543853DE251027370029500E /* OMIDVASTProperties.h */ = {isa = PBXFileReference; fileEncoding = 4; lastKnownFileType = sourcecode.c.h; path = OMIDVASTProperties.h; sourceTree = "<group>"; };
		543853DF251027370029500E /* OMIDVideoEvents.h */ = {isa = PBXFileReference; fileEncoding = 4; lastKnownFileType = sourcecode.c.h; path = OMIDVideoEvents.h; sourceTree = "<group>"; };
		543853E0251027370029500E /* OMIDAdSessionConfiguration.h */ = {isa = PBXFileReference; fileEncoding = 4; lastKnownFileType = sourcecode.c.h; path = OMIDAdSessionConfiguration.h; sourceTree = "<group>"; };
		543853E1251027370029500E /* OMIDImports.h */ = {isa = PBXFileReference; fileEncoding = 4; lastKnownFileType = sourcecode.c.h; path = OMIDImports.h; sourceTree = "<group>"; };
		543853E2251027370029500E /* OMIDMediaEvents.h */ = {isa = PBXFileReference; fileEncoding = 4; lastKnownFileType = sourcecode.c.h; path = OMIDMediaEvents.h; sourceTree = "<group>"; };
		543853E3251027370029500E /* OMIDAdSessionContext.h */ = {isa = PBXFileReference; fileEncoding = 4; lastKnownFileType = sourcecode.c.h; path = OMIDAdSessionContext.h; sourceTree = "<group>"; };
		543853E4251027370029500E /* OMIDScriptInjector.h */ = {isa = PBXFileReference; fileEncoding = 4; lastKnownFileType = sourcecode.c.h; path = OMIDScriptInjector.h; sourceTree = "<group>"; };
		543853E5251027370029500E /* OMIDAdEvents.h */ = {isa = PBXFileReference; fileEncoding = 4; lastKnownFileType = sourcecode.c.h; path = OMIDAdEvents.h; sourceTree = "<group>"; };
		543853E6251027370029500E /* OMIDFriendlyObstructionType.h */ = {isa = PBXFileReference; fileEncoding = 4; lastKnownFileType = sourcecode.c.h; path = OMIDFriendlyObstructionType.h; sourceTree = "<group>"; };
		543853E7251027370029500E /* OMIDVerificationScriptResource.h */ = {isa = PBXFileReference; fileEncoding = 4; lastKnownFileType = sourcecode.c.h; path = OMIDVerificationScriptResource.h; sourceTree = "<group>"; };
		543853E8251027370029500E /* OMIDPartner.h */ = {isa = PBXFileReference; fileEncoding = 4; lastKnownFileType = sourcecode.c.h; path = OMIDPartner.h; sourceTree = "<group>"; };
		543853E9251027370029500E /* .gitattributes */ = {isa = PBXFileReference; fileEncoding = 4; lastKnownFileType = text; path = .gitattributes; sourceTree = "<group>"; };
		543853EA251027370029500E /* OMSDK-iOS-v1-Iqzone.a */ = {isa = PBXFileReference; lastKnownFileType = archive.ar; path = "OMSDK-iOS-v1-Iqzone.a"; sourceTree = "<group>"; };
		5438542625102B8F0029500E /* IQVStatic.framework */ = {isa = PBXFileReference; lastKnownFileType = wrapper.framework; path = IQVStatic.framework; sourceTree = "<group>"; };
		54B64553242EA7FA0036EF46 /* Info.plist */ = {isa = PBXFileReference; fileEncoding = 4; lastKnownFileType = text.plist.xml; path = Info.plist; sourceTree = "<group>"; };
		54D12EB2242D4DB6000B053F /* iqv demo.app */ = {isa = PBXFileReference; explicitFileType = wrapper.application; includeInIndex = 0; path = "iqv demo.app"; sourceTree = BUILT_PRODUCTS_DIR; };
		54D12EEC242D5451000B053F /* README.md */ = {isa = PBXFileReference; lastKnownFileType = net.daringfireball.markdown; path = README.md; sourceTree = "<group>"; };
		54E93DFF243BCA0100178BBF /* main.m */ = {isa = PBXFileReference; fileEncoding = 4; lastKnownFileType = sourcecode.c.objc; path = main.m; sourceTree = "<group>"; };
		54E93E00243BCA0100178BBF /* SceneDelegate.h */ = {isa = PBXFileReference; fileEncoding = 4; lastKnownFileType = sourcecode.c.h; path = SceneDelegate.h; sourceTree = "<group>"; };
		54E93E01243BCA0100178BBF /* SceneDelegate.m */ = {isa = PBXFileReference; fileEncoding = 4; lastKnownFileType = sourcecode.c.objc; path = SceneDelegate.m; sourceTree = "<group>"; };
		54E93E02243BCA0100178BBF /* AdSdkDemoSettings.m */ = {isa = PBXFileReference; fileEncoding = 4; lastKnownFileType = sourcecode.c.objc; path = AdSdkDemoSettings.m; sourceTree = "<group>"; };
		54E93E03243BCA0100178BBF /* InterstitialViewController.h */ = {isa = PBXFileReference; fileEncoding = 4; lastKnownFileType = sourcecode.c.h; path = InterstitialViewController.h; sourceTree = "<group>"; };
		54E93E04243BCA0100178BBF /* BannerViewController.m */ = {isa = PBXFileReference; fileEncoding = 4; lastKnownFileType = sourcecode.c.objc; path = BannerViewController.m; sourceTree = "<group>"; };
		54E93E05243BCA0100178BBF /* BannerViewController.h */ = {isa = PBXFileReference; fileEncoding = 4; lastKnownFileType = sourcecode.c.h; path = BannerViewController.h; sourceTree = "<group>"; };
		54E93E06243BCA0100178BBF /* MRectViewController.h */ = {isa = PBXFileReference; fileEncoding = 4; lastKnownFileType = sourcecode.c.h; path = MRectViewController.h; sourceTree = "<group>"; };
		54E93E07243BCA0100178BBF /* AppDelegate.m */ = {isa = PBXFileReference; fileEncoding = 4; lastKnownFileType = sourcecode.c.objc; path = AppDelegate.m; sourceTree = "<group>"; };
		54E93E09243BCA0200178BBF /* Assets.xcassets */ = {isa = PBXFileReference; lastKnownFileType = folder.assetcatalog; path = Assets.xcassets; sourceTree = "<group>"; };
		54E93E0A243BCA0200178BBF /* Main.storyboard */ = {isa = PBXFileReference; fileEncoding = 4; lastKnownFileType = file.storyboard; path = Main.storyboard; sourceTree = "<group>"; };
		54E93E0B243BCA0200178BBF /* InterstitialViewController.m */ = {isa = PBXFileReference; fileEncoding = 4; lastKnownFileType = sourcecode.c.objc; path = InterstitialViewController.m; sourceTree = "<group>"; };
		54E93E0C243BCA0200178BBF /* AdSdkDemoSettings.h */ = {isa = PBXFileReference; fileEncoding = 4; lastKnownFileType = sourcecode.c.h; path = AdSdkDemoSettings.h; sourceTree = "<group>"; };
		54E93E0D243BCA0200178BBF /* AppDelegate.h */ = {isa = PBXFileReference; fileEncoding = 4; lastKnownFileType = sourcecode.c.h; path = AppDelegate.h; sourceTree = "<group>"; };
		54E93E0E243BCA0200178BBF /* MRectViewController.m */ = {isa = PBXFileReference; fileEncoding = 4; lastKnownFileType = sourcecode.c.objc; path = MRectViewController.m; sourceTree = "<group>"; };
		54E93E0F243BCA0200178BBF /* LaunchScreen.storyboard */ = {isa = PBXFileReference; fileEncoding = 4; lastKnownFileType = file.storyboard; path = LaunchScreen.storyboard; sourceTree = "<group>"; };
		7E1B1A422500F767004E4BF8 /* omsdk.js */ = {isa = PBXFileReference; fileEncoding = 4; lastKnownFileType = sourcecode.javascript; path = omsdk.js; sourceTree = "<group>"; };
		7E6349DE2488FE8000B30DFE /* VideoInterstitialViewController.h */ = {isa = PBXFileReference; lastKnownFileType = sourcecode.c.h; path = VideoInterstitialViewController.h; sourceTree = "<group>"; };
		7E6349DF2488FE8000B30DFE /* VideoInterstitialViewController.m */ = {isa = PBXFileReference; lastKnownFileType = sourcecode.c.objc; path = VideoInterstitialViewController.m; sourceTree = "<group>"; };
/* End PBXFileReference section */

/* Begin PBXFrameworksBuildPhase section */
		54D12EAF242D4DB6000B053F /* Frameworks */ = {
			isa = PBXFrameworksBuildPhase;
			buildActionMask = 2147483647;
			files = (
				543853EC251027370029500E /* OMSDK-iOS-v1-Iqzone.a in Frameworks */,
				5438542725102B8F0029500E /* IQVStatic.framework in Frameworks */,
			);
			runOnlyForDeploymentPostprocessing = 0;
		};
/* End PBXFrameworksBuildPhase section */

/* Begin PBXGroup section */
		543853DA251027370029500E /* static */ = {
			isa = PBXGroup;
			children = (
				543853DB251027370029500E /* headers */,
				543853E9251027370029500E /* .gitattributes */,
				543853EA251027370029500E /* OMSDK-iOS-v1-Iqzone.a */,
			);
			path = static;
			sourceTree = "<group>";
		};
		543853DB251027370029500E /* headers */ = {
			isa = PBXGroup;
			children = (
				543853DC251027370029500E /* OMIDAdSession.h */,
				543853DD251027370029500E /* OMIDSDK.h */,
				543853DE251027370029500E /* OMIDVASTProperties.h */,
				543853DF251027370029500E /* OMIDVideoEvents.h */,
				543853E0251027370029500E /* OMIDAdSessionConfiguration.h */,
				543853E1251027370029500E /* OMIDImports.h */,
				543853E2251027370029500E /* OMIDMediaEvents.h */,
				543853E3251027370029500E /* OMIDAdSessionContext.h */,
				543853E4251027370029500E /* OMIDScriptInjector.h */,
				543853E5251027370029500E /* OMIDAdEvents.h */,
				543853E6251027370029500E /* OMIDFriendlyObstructionType.h */,
				543853E7251027370029500E /* OMIDVerificationScriptResource.h */,
				543853E8251027370029500E /* OMIDPartner.h */,
			);
			path = headers;
			sourceTree = "<group>";
		};
		54D12EA9242D4DB6000B053F = {
			isa = PBXGroup;
			children = (
				5438542625102B8F0029500E /* IQVStatic.framework */,
				543853C4251025B10029500E /* iqv.bundle */,
				7E1B1A402500F767004E4BF8 /* OMSDK-1.3.7 */,
				54E93E0D243BCA0200178BBF /* AppDelegate.h */,
				54E93E07243BCA0100178BBF /* AppDelegate.m */,
				7E6349DD2488FE3000B30DFE /* Constants */,
				7E6349DC2488FDF600B30DFE /* Controllers */,
				54E93E0F243BCA0200178BBF /* LaunchScreen.storyboard */,
				54E93E0A243BCA0200178BBF /* Main.storyboard */,
				54E93DFF243BCA0100178BBF /* main.m */,
				54E93E09243BCA0200178BBF /* Assets.xcassets */,
				54E93E00243BCA0100178BBF /* SceneDelegate.h */,
				54E93E01243BCA0100178BBF /* SceneDelegate.m */,
				54D12EEC242D5451000B053F /* README.md */,
				54B64553242EA7FA0036EF46 /* Info.plist */,
				54D12EB3242D4DB6000B053F /* Products */,
				7ED8F010245186FA00CBC399 /* Frameworks */,
			);
			sourceTree = "<group>";
		};
		54D12EB3242D4DB6000B053F /* Products */ = {
			isa = PBXGroup;
			children = (
				54D12EB2242D4DB6000B053F /* iqv demo.app */,
			);
			name = Products;
			sourceTree = "<group>";
		};
		7E1B1A402500F767004E4BF8 /* OMSDK-1.3.7 */ = {
			isa = PBXGroup;
			children = (
				543853DA251027370029500E /* static */,
				7E1B1A422500F767004E4BF8 /* omsdk.js */,
			);
			path = "OMSDK-1.3.7";
			sourceTree = "<group>";
		};
		7E6349DC2488FDF600B30DFE /* Controllers */ = {
			isa = PBXGroup;
			children = (
				54E93E05243BCA0100178BBF /* BannerViewController.h */,
				54E93E04243BCA0100178BBF /* BannerViewController.m */,
				54E93E03243BCA0100178BBF /* InterstitialViewController.h */,
				54E93E0B243BCA0200178BBF /* InterstitialViewController.m */,
				54E93E06243BCA0100178BBF /* MRectViewController.h */,
				54E93E0E243BCA0200178BBF /* MRectViewController.m */,
				7E6349DE2488FE8000B30DFE /* VideoInterstitialViewController.h */,
				7E6349DF2488FE8000B30DFE /* VideoInterstitialViewController.m */,
			);
			path = Controllers;
			sourceTree = "<group>";
		};
		7E6349DD2488FE3000B30DFE /* Constants */ = {
			isa = PBXGroup;
			children = (
				54E93E0C243BCA0200178BBF /* AdSdkDemoSettings.h */,
				54E93E02243BCA0100178BBF /* AdSdkDemoSettings.m */,
			);
			path = Constants;
			sourceTree = "<group>";
		};
		7ED8F010245186FA00CBC399 /* Frameworks */ = {
			isa = PBXGroup;
			children = (
			);
			name = Frameworks;
			sourceTree = "<group>";
		};
/* End PBXGroup section */

/* Begin PBXNativeTarget section */
		54D12EB1242D4DB6000B053F /* iqv demo */ = {
			isa = PBXNativeTarget;
			buildConfigurationList = 54D12ECB242D4DB9000B053F /* Build configuration list for PBXNativeTarget "iqv demo" */;
			buildPhases = (
				54D12EAE242D4DB6000B053F /* Sources */,
				54D12EAF242D4DB6000B053F /* Frameworks */,
				54D12EB0242D4DB6000B053F /* Resources */,
			);
			buildRules = (
			);
			dependencies = (
			);
			name = "iqv demo";
			productName = "iqv demo";
			productReference = 54D12EB2242D4DB6000B053F /* iqv demo.app */;
			productType = "com.apple.product-type.application";
		};
/* End PBXNativeTarget section */

/* Begin PBXProject section */
		54D12EAA242D4DB6000B053F /* Project object */ = {
			isa = PBXProject;
			attributes = {
				LastUpgradeCheck = 1130;
				ORGANIZATIONNAME = PubNative;
				TargetAttributes = {
					54D12EB1242D4DB6000B053F = {
						CreatedOnToolsVersion = 11.3.1;
					};
				};
			};
			buildConfigurationList = 54D12EAD242D4DB6000B053F /* Build configuration list for PBXProject "iqv demo" */;
			compatibilityVersion = "Xcode 9.3";
			developmentRegion = en;
			hasScannedForEncodings = 0;
			knownRegions = (
				en,
				Base,
			);
			mainGroup = 54D12EA9242D4DB6000B053F;
			productRefGroup = 54D12EB3242D4DB6000B053F /* Products */;
			projectDirPath = "";
			projectRoot = "";
			targets = (
				54D12EB1242D4DB6000B053F /* iqv demo */,
			);
		};
/* End PBXProject section */

/* Begin PBXResourcesBuildPhase section */
		54D12EB0242D4DB6000B053F /* Resources */ = {
			isa = PBXResourcesBuildPhase;
			buildActionMask = 2147483647;
			files = (
				543853C6251025B10029500E /* iqv.bundle in Resources */,
				543853EB251027370029500E /* .gitattributes in Resources */,
				54E93E17243BCA0200178BBF /* Main.storyboard in Resources */,
				7E1B1A442500F767004E4BF8 /* omsdk.js in Resources */,
				54E93E1A243BCA0200178BBF /* LaunchScreen.storyboard in Resources */,
				54E93E16243BCA0200178BBF /* Assets.xcassets in Resources */,
			);
			runOnlyForDeploymentPostprocessing = 0;
		};
/* End PBXResourcesBuildPhase section */

/* Begin PBXSourcesBuildPhase section */
		54D12EAE242D4DB6000B053F /* Sources */ = {
			isa = PBXSourcesBuildPhase;
			buildActionMask = 2147483647;
			files = (
				54E93E10243BCA0200178BBF /* main.m in Sources */,
				54E93E19243BCA0200178BBF /* MRectViewController.m in Sources */,
				7E6349E02488FE8000B30DFE /* VideoInterstitialViewController.m in Sources */,
				54E93E12243BCA0200178BBF /* AdSdkDemoSettings.m in Sources */,
				54E93E13243BCA0200178BBF /* BannerViewController.m in Sources */,
				54E93E11243BCA0200178BBF /* SceneDelegate.m in Sources */,
				54E93E18243BCA0200178BBF /* InterstitialViewController.m in Sources */,
				54E93E14243BCA0200178BBF /* AppDelegate.m in Sources */,
			);
			runOnlyForDeploymentPostprocessing = 0;
		};
/* End PBXSourcesBuildPhase section */

/* Begin XCBuildConfiguration section */
		54D12EC9242D4DB9000B053F /* Debug */ = {
			isa = XCBuildConfiguration;
			buildSettings = {
				ALWAYS_SEARCH_USER_PATHS = NO;
				CLANG_ANALYZER_NONNULL = YES;
				CLANG_ANALYZER_NUMBER_OBJECT_CONVERSION = YES_AGGRESSIVE;
				CLANG_CXX_LANGUAGE_STANDARD = "gnu++14";
				CLANG_CXX_LIBRARY = "libc++";
				CLANG_ENABLE_MODULES = YES;
				CLANG_ENABLE_OBJC_ARC = YES;
				CLANG_ENABLE_OBJC_WEAK = YES;
				CLANG_WARN_BLOCK_CAPTURE_AUTORELEASING = YES;
				CLANG_WARN_BOOL_CONVERSION = YES;
				CLANG_WARN_COMMA = YES;
				CLANG_WARN_CONSTANT_CONVERSION = YES;
				CLANG_WARN_DEPRECATED_OBJC_IMPLEMENTATIONS = YES;
				CLANG_WARN_DIRECT_OBJC_ISA_USAGE = YES_ERROR;
				CLANG_WARN_DOCUMENTATION_COMMENTS = YES;
				CLANG_WARN_EMPTY_BODY = YES;
				CLANG_WARN_ENUM_CONVERSION = YES;
				CLANG_WARN_INFINITE_RECURSION = YES;
				CLANG_WARN_INT_CONVERSION = YES;
				CLANG_WARN_NON_LITERAL_NULL_CONVERSION = YES;
				CLANG_WARN_OBJC_IMPLICIT_RETAIN_SELF = YES;
				CLANG_WARN_OBJC_LITERAL_CONVERSION = YES;
				CLANG_WARN_OBJC_ROOT_CLASS = YES_ERROR;
				CLANG_WARN_RANGE_LOOP_ANALYSIS = YES;
				CLANG_WARN_STRICT_PROTOTYPES = YES;
				CLANG_WARN_SUSPICIOUS_MOVE = YES;
				CLANG_WARN_UNGUARDED_AVAILABILITY = YES_AGGRESSIVE;
				CLANG_WARN_UNREACHABLE_CODE = YES;
				CLANG_WARN__DUPLICATE_METHOD_MATCH = YES;
				COPY_PHASE_STRIP = NO;
				DEBUG_INFORMATION_FORMAT = dwarf;
				ENABLE_STRICT_OBJC_MSGSEND = YES;
				ENABLE_TESTABILITY = YES;
				GCC_C_LANGUAGE_STANDARD = gnu11;
				GCC_DYNAMIC_NO_PIC = NO;
				GCC_NO_COMMON_BLOCKS = YES;
				GCC_OPTIMIZATION_LEVEL = 0;
				GCC_PREPROCESSOR_DEFINITIONS = (
					"DEBUG=1",
					"$(inherited)",
				);
				GCC_WARN_64_TO_32_BIT_CONVERSION = YES;
				GCC_WARN_ABOUT_RETURN_TYPE = YES_ERROR;
				GCC_WARN_UNDECLARED_SELECTOR = YES;
				GCC_WARN_UNINITIALIZED_AUTOS = YES_AGGRESSIVE;
				GCC_WARN_UNUSED_FUNCTION = YES;
				GCC_WARN_UNUSED_VARIABLE = YES;
				IPHONEOS_DEPLOYMENT_TARGET = 13.2;
				MTL_ENABLE_DEBUG_INFO = INCLUDE_SOURCE;
				MTL_FAST_MATH = YES;
				ONLY_ACTIVE_ARCH = YES;
				SDKROOT = iphoneos;
			};
			name = Debug;
		};
		54D12ECA242D4DB9000B053F /* Release */ = {
			isa = XCBuildConfiguration;
			buildSettings = {
				ALWAYS_SEARCH_USER_PATHS = NO;
				CLANG_ANALYZER_NONNULL = YES;
				CLANG_ANALYZER_NUMBER_OBJECT_CONVERSION = YES_AGGRESSIVE;
				CLANG_CXX_LANGUAGE_STANDARD = "gnu++14";
				CLANG_CXX_LIBRARY = "libc++";
				CLANG_ENABLE_MODULES = YES;
				CLANG_ENABLE_OBJC_ARC = YES;
				CLANG_ENABLE_OBJC_WEAK = YES;
				CLANG_WARN_BLOCK_CAPTURE_AUTORELEASING = YES;
				CLANG_WARN_BOOL_CONVERSION = YES;
				CLANG_WARN_COMMA = YES;
				CLANG_WARN_CONSTANT_CONVERSION = YES;
				CLANG_WARN_DEPRECATED_OBJC_IMPLEMENTATIONS = YES;
				CLANG_WARN_DIRECT_OBJC_ISA_USAGE = YES_ERROR;
				CLANG_WARN_DOCUMENTATION_COMMENTS = YES;
				CLANG_WARN_EMPTY_BODY = YES;
				CLANG_WARN_ENUM_CONVERSION = YES;
				CLANG_WARN_INFINITE_RECURSION = YES;
				CLANG_WARN_INT_CONVERSION = YES;
				CLANG_WARN_NON_LITERAL_NULL_CONVERSION = YES;
				CLANG_WARN_OBJC_IMPLICIT_RETAIN_SELF = YES;
				CLANG_WARN_OBJC_LITERAL_CONVERSION = YES;
				CLANG_WARN_OBJC_ROOT_CLASS = YES_ERROR;
				CLANG_WARN_RANGE_LOOP_ANALYSIS = YES;
				CLANG_WARN_STRICT_PROTOTYPES = YES;
				CLANG_WARN_SUSPICIOUS_MOVE = YES;
				CLANG_WARN_UNGUARDED_AVAILABILITY = YES_AGGRESSIVE;
				CLANG_WARN_UNREACHABLE_CODE = YES;
				CLANG_WARN__DUPLICATE_METHOD_MATCH = YES;
				COPY_PHASE_STRIP = NO;
				DEBUG_INFORMATION_FORMAT = "dwarf-with-dsym";
				ENABLE_NS_ASSERTIONS = NO;
				ENABLE_STRICT_OBJC_MSGSEND = YES;
				GCC_C_LANGUAGE_STANDARD = gnu11;
				GCC_NO_COMMON_BLOCKS = YES;
				GCC_WARN_64_TO_32_BIT_CONVERSION = YES;
				GCC_WARN_ABOUT_RETURN_TYPE = YES_ERROR;
				GCC_WARN_UNDECLARED_SELECTOR = YES;
				GCC_WARN_UNINITIALIZED_AUTOS = YES_AGGRESSIVE;
				GCC_WARN_UNUSED_FUNCTION = YES;
				GCC_WARN_UNUSED_VARIABLE = YES;
				IPHONEOS_DEPLOYMENT_TARGET = 13.2;
				MTL_ENABLE_DEBUG_INFO = NO;
				MTL_FAST_MATH = YES;
				SDKROOT = iphoneos;
				VALIDATE_PRODUCT = YES;
			};
			name = Release;
		};
		54D12ECC242D4DB9000B053F /* Debug */ = {
			isa = XCBuildConfiguration;
			buildSettings = {
				ASSETCATALOG_COMPILER_APPICON_NAME = AppIcon;
				CODE_SIGN_IDENTITY = "Apple Development";
				CODE_SIGN_STYLE = Automatic;
				DEVELOPMENT_TEAM = TL55SBB4FM;
				FRAMEWORK_SEARCH_PATHS = (
					"$(inherited)",
					"$(PROJECT_DIR)",
					"$(PROJECT_DIR)/HyBid",
					"$(PROJECT_DIR)/OMSDK-1.3.7",
				);
				INFOPLIST_FILE = "$(SRCROOT)/Info.plist";
				IPHONEOS_DEPLOYMENT_TARGET = 9.0;
				LD_RUNPATH_SEARCH_PATHS = (
					"$(inherited)",
					"@executable_path/Frameworks",
				);
				LIBRARY_SEARCH_PATHS = (
					"$(inherited)",
					"$(PROJECT_DIR)/OMSDK-1.3.7/static",
				);
				OTHER_LDFLAGS = (
					"-ObjC",
					"-lxml2",
				);
				PRODUCT_BUNDLE_IDENTIFIER = net.pubnative.iqvdemo;
				PRODUCT_NAME = "$(TARGET_NAME)";
				PROVISIONING_PROFILE_SPECIFIER = "";
				TARGETED_DEVICE_FAMILY = "1,2";
			};
			name = Debug;
		};
		54D12ECD242D4DB9000B053F /* Release */ = {
			isa = XCBuildConfiguration;
			buildSettings = {
				ASSETCATALOG_COMPILER_APPICON_NAME = AppIcon;
				CODE_SIGN_IDENTITY = "Apple Development";
				CODE_SIGN_STYLE = Automatic;
				DEVELOPMENT_TEAM = TL55SBB4FM;
				FRAMEWORK_SEARCH_PATHS = (
					"$(inherited)",
					"$(PROJECT_DIR)",
					"$(PROJECT_DIR)/HyBid",
					"$(PROJECT_DIR)/OMSDK-1.3.7",
				);
				INFOPLIST_FILE = "$(SRCROOT)/Info.plist";
				IPHONEOS_DEPLOYMENT_TARGET = 9.0;
				LD_RUNPATH_SEARCH_PATHS = (
					"$(inherited)",
					"@executable_path/Frameworks",
				);
				LIBRARY_SEARCH_PATHS = (
					"$(inherited)",
					"$(PROJECT_DIR)/OMSDK-1.3.7/static",
				);
				OTHER_LDFLAGS = (
					"-ObjC",
					"-lxml2",
				);
				PRODUCT_BUNDLE_IDENTIFIER = net.pubnative.iqvdemo;
				PRODUCT_NAME = "$(TARGET_NAME)";
				PROVISIONING_PROFILE_SPECIFIER = "";
				TARGETED_DEVICE_FAMILY = "1,2";
			};
			name = Release;
		};
/* End XCBuildConfiguration section */

/* Begin XCConfigurationList section */
		54D12EAD242D4DB6000B053F /* Build configuration list for PBXProject "iqv demo" */ = {
			isa = XCConfigurationList;
			buildConfigurations = (
				54D12EC9242D4DB9000B053F /* Debug */,
				54D12ECA242D4DB9000B053F /* Release */,
			);
			defaultConfigurationIsVisible = 0;
			defaultConfigurationName = Release;
		};
		54D12ECB242D4DB9000B053F /* Build configuration list for PBXNativeTarget "iqv demo" */ = {
			isa = XCConfigurationList;
			buildConfigurations = (
				54D12ECC242D4DB9000B053F /* Debug */,
				54D12ECD242D4DB9000B053F /* Release */,
			);
			defaultConfigurationIsVisible = 0;
			defaultConfigurationName = Release;
		};
/* End XCConfigurationList section */
	};
	rootObject = 54D12EAA242D4DB6000B053F /* Project object */;
}
