// !$*UTF8*$!
{
	archiveVersion = 1;
	classes = {
	};
	objectVersion = 50;
	objects = {

/* Begin PBXBuildFile section */
		54B6455F242EA7FB0036EF46 /* FirstViewController.m in Sources */ = {isa = PBXBuildFile; fileRef = 54B64550242EA7F90036EF46 /* FirstViewController.m */; };
		54B64560242EA7FB0036EF46 /* LaunchScreen.storyboard in Resources */ = {isa = PBXBuildFile; fileRef = 54B64551242EA7FA0036EF46 /* LaunchScreen.storyboard */; };
		54B64561242EA7FB0036EF46 /* AppDelegate.m in Sources */ = {isa = PBXBuildFile; fileRef = 54B64552242EA7FA0036EF46 /* AppDelegate.m */; };
		54B64563242EA7FB0036EF46 /* AdSdkDemoSettings.m in Sources */ = {isa = PBXBuildFile; fileRef = 54B64554242EA7FA0036EF46 /* AdSdkDemoSettings.m */; };
		54B64564242EA7FB0036EF46 /* SceneDelegate.m in Sources */ = {isa = PBXBuildFile; fileRef = 54B64558242EA7FA0036EF46 /* SceneDelegate.m */; };
		54B64565242EA7FB0036EF46 /* SecondViewController.m in Sources */ = {isa = PBXBuildFile; fileRef = 54B64559242EA7FA0036EF46 /* SecondViewController.m */; };
		54B64566242EA7FB0036EF46 /* main.m in Sources */ = {isa = PBXBuildFile; fileRef = 54B6455A242EA7FA0036EF46 /* main.m */; };
		54B64567242EA7FB0036EF46 /* Assets.xcassets in Resources */ = {isa = PBXBuildFile; fileRef = 54B6455B242EA7FA0036EF46 /* Assets.xcassets */; };
		54B64568242EA7FB0036EF46 /* Main.storyboard in Resources */ = {isa = PBXBuildFile; fileRef = 54B6455D242EA7FA0036EF46 /* Main.storyboard */; };
		54B64569242EA8640036EF46 /* HyBid.framework in Frameworks */ = {isa = PBXBuildFile; fileRef = 54B64518242EA51E0036EF46 /* HyBid.framework */; };
		54B6456A242EA8640036EF46 /* HyBid.framework in Embed Frameworks */ = {isa = PBXBuildFile; fileRef = 54B64518242EA51E0036EF46 /* HyBid.framework */; settings = {ATTRIBUTES = (CodeSignOnCopy, RemoveHeadersOnCopy, ); }; };
/* End PBXBuildFile section */

/* Begin PBXCopyFilesBuildPhase section */
		54D12EEB242D507D000B053F /* Embed Frameworks */ = {
			isa = PBXCopyFilesBuildPhase;
			buildActionMask = 2147483647;
			dstPath = "";
			dstSubfolderSpec = 10;
			files = (
				54B6456A242EA8640036EF46 /* HyBid.framework in Embed Frameworks */,
			);
			name = "Embed Frameworks";
			runOnlyForDeploymentPostprocessing = 0;
		};
/* End PBXCopyFilesBuildPhase section */

/* Begin PBXFileReference section */
		54B64518242EA51E0036EF46 /* HyBid.framework */ = {isa = PBXFileReference; lastKnownFileType = wrapper.framework; path = HyBid.framework; sourceTree = "<group>"; };
		54B64550242EA7F90036EF46 /* FirstViewController.m */ = {isa = PBXFileReference; fileEncoding = 4; lastKnownFileType = sourcecode.c.objc; path = FirstViewController.m; sourceTree = "<group>"; };
		54B64551242EA7FA0036EF46 /* LaunchScreen.storyboard */ = {isa = PBXFileReference; fileEncoding = 4; lastKnownFileType = file.storyboard; path = LaunchScreen.storyboard; sourceTree = "<group>"; };
		54B64552242EA7FA0036EF46 /* AppDelegate.m */ = {isa = PBXFileReference; fileEncoding = 4; lastKnownFileType = sourcecode.c.objc; path = AppDelegate.m; sourceTree = "<group>"; };
		54B64553242EA7FA0036EF46 /* Info.plist */ = {isa = PBXFileReference; fileEncoding = 4; lastKnownFileType = text.plist.xml; path = Info.plist; sourceTree = "<group>"; };
		54B64554242EA7FA0036EF46 /* AdSdkDemoSettings.m */ = {isa = PBXFileReference; fileEncoding = 4; lastKnownFileType = sourcecode.c.objc; path = AdSdkDemoSettings.m; sourceTree = "<group>"; };
		54B64555242EA7FA0036EF46 /* AdSdkDemoSettings.h */ = {isa = PBXFileReference; fileEncoding = 4; lastKnownFileType = sourcecode.c.h; path = AdSdkDemoSettings.h; sourceTree = "<group>"; };
		54B64556242EA7FA0036EF46 /* FirstViewController.h */ = {isa = PBXFileReference; fileEncoding = 4; lastKnownFileType = sourcecode.c.h; path = FirstViewController.h; sourceTree = "<group>"; };
		54B64557242EA7FA0036EF46 /* SceneDelegate.h */ = {isa = PBXFileReference; fileEncoding = 4; lastKnownFileType = sourcecode.c.h; path = SceneDelegate.h; sourceTree = "<group>"; };
		54B64558242EA7FA0036EF46 /* SceneDelegate.m */ = {isa = PBXFileReference; fileEncoding = 4; lastKnownFileType = sourcecode.c.objc; path = SceneDelegate.m; sourceTree = "<group>"; };
		54B64559242EA7FA0036EF46 /* SecondViewController.m */ = {isa = PBXFileReference; fileEncoding = 4; lastKnownFileType = sourcecode.c.objc; path = SecondViewController.m; sourceTree = "<group>"; };
		54B6455A242EA7FA0036EF46 /* main.m */ = {isa = PBXFileReference; fileEncoding = 4; lastKnownFileType = sourcecode.c.objc; path = main.m; sourceTree = "<group>"; };
		54B6455B242EA7FA0036EF46 /* Assets.xcassets */ = {isa = PBXFileReference; lastKnownFileType = folder.assetcatalog; path = Assets.xcassets; sourceTree = "<group>"; };
		54B6455C242EA7FA0036EF46 /* AppDelegate.h */ = {isa = PBXFileReference; fileEncoding = 4; lastKnownFileType = sourcecode.c.h; path = AppDelegate.h; sourceTree = "<group>"; };
		54B6455D242EA7FA0036EF46 /* Main.storyboard */ = {isa = PBXFileReference; fileEncoding = 4; lastKnownFileType = file.storyboard; path = Main.storyboard; sourceTree = "<group>"; };
		54B6455E242EA7FB0036EF46 /* SecondViewController.h */ = {isa = PBXFileReference; fileEncoding = 4; lastKnownFileType = sourcecode.c.h; path = SecondViewController.h; sourceTree = "<group>"; };
		54D12EB2242D4DB6000B053F /* iqv demo.app */ = {isa = PBXFileReference; explicitFileType = wrapper.application; includeInIndex = 0; path = "iqv demo.app"; sourceTree = BUILT_PRODUCTS_DIR; };
		54D12EEC242D5451000B053F /* README.md */ = {isa = PBXFileReference; lastKnownFileType = net.daringfireball.markdown; path = README.md; sourceTree = "<group>"; };
/* End PBXFileReference section */

/* Begin PBXFrameworksBuildPhase section */
		54D12EAF242D4DB6000B053F /* Frameworks */ = {
			isa = PBXFrameworksBuildPhase;
			buildActionMask = 2147483647;
			files = (
				54B64569242EA8640036EF46 /* HyBid.framework in Frameworks */,
			);
			runOnlyForDeploymentPostprocessing = 0;
		};
/* End PBXFrameworksBuildPhase section */

/* Begin PBXGroup section */
		54D12EA9242D4DB6000B053F = {
			isa = PBXGroup;
			children = (
				54D12EEC242D5451000B053F /* README.md */,
				54B64555242EA7FA0036EF46 /* AdSdkDemoSettings.h */,
				54B64554242EA7FA0036EF46 /* AdSdkDemoSettings.m */,
				54B6455C242EA7FA0036EF46 /* AppDelegate.h */,
				54B64552242EA7FA0036EF46 /* AppDelegate.m */,
				54B6455B242EA7FA0036EF46 /* Assets.xcassets */,
				54B64556242EA7FA0036EF46 /* FirstViewController.h */,
				54B64550242EA7F90036EF46 /* FirstViewController.m */,
				54B64553242EA7FA0036EF46 /* Info.plist */,
				54B64551242EA7FA0036EF46 /* LaunchScreen.storyboard */,
				54B6455A242EA7FA0036EF46 /* main.m */,
				54B6455D242EA7FA0036EF46 /* Main.storyboard */,
				54B64557242EA7FA0036EF46 /* SceneDelegate.h */,
				54B64558242EA7FA0036EF46 /* SceneDelegate.m */,
				54B6455E242EA7FB0036EF46 /* SecondViewController.h */,
				54B64559242EA7FA0036EF46 /* SecondViewController.m */,
				54D12EB3242D4DB6000B053F /* Products */,
				54B64518242EA51E0036EF46 /* HyBid.framework */,
			);
			sourceTree = "<group>";
		};
		54D12EB3242D4DB6000B053F /* Products */ = {
			isa = PBXGroup;
			children = (
				54D12EB2242D4DB6000B053F /* iqv demo.app */,
			);
			name = Products;
			sourceTree = "<group>";
		};
/* End PBXGroup section */

/* Begin PBXNativeTarget section */
		54D12EB1242D4DB6000B053F /* iqv demo */ = {
			isa = PBXNativeTarget;
			buildConfigurationList = 54D12ECB242D4DB9000B053F /* Build configuration list for PBXNativeTarget "iqv demo" */;
			buildPhases = (
				54D12EAE242D4DB6000B053F /* Sources */,
				54D12EAF242D4DB6000B053F /* Frameworks */,
				54D12EB0242D4DB6000B053F /* Resources */,
				54D12EEB242D507D000B053F /* Embed Frameworks */,
			);
			buildRules = (
			);
			dependencies = (
			);
			name = "iqv demo";
			productName = "iqv demo";
			productReference = 54D12EB2242D4DB6000B053F /* iqv demo.app */;
			productType = "com.apple.product-type.application";
		};
/* End PBXNativeTarget section */

/* Begin PBXProject section */
		54D12EAA242D4DB6000B053F /* Project object */ = {
			isa = PBXProject;
			attributes = {
				LastUpgradeCheck = 1130;
				ORGANIZATIONNAME = PubNative;
				TargetAttributes = {
					54D12EB1242D4DB6000B053F = {
						CreatedOnToolsVersion = 11.3.1;
					};
				};
			};
			buildConfigurationList = 54D12EAD242D4DB6000B053F /* Build configuration list for PBXProject "iqv demo" */;
			compatibilityVersion = "Xcode 9.3";
			developmentRegion = en;
			hasScannedForEncodings = 0;
			knownRegions = (
				en,
				Base,
			);
			mainGroup = 54D12EA9242D4DB6000B053F;
			productRefGroup = 54D12EB3242D4DB6000B053F /* Products */;
			projectDirPath = "";
			projectRoot = "";
			targets = (
				54D12EB1242D4DB6000B053F /* iqv demo */,
			);
		};
/* End PBXProject section */

/* Begin PBXResourcesBuildPhase section */
		54D12EB0242D4DB6000B053F /* Resources */ = {
			isa = PBXResourcesBuildPhase;
			buildActionMask = 2147483647;
			files = (
				54B64567242EA7FB0036EF46 /* Assets.xcassets in Resources */,
				54B64560242EA7FB0036EF46 /* LaunchScreen.storyboard in Resources */,
				54B64568242EA7FB0036EF46 /* Main.storyboard in Resources */,
			);
			runOnlyForDeploymentPostprocessing = 0;
		};
/* End PBXResourcesBuildPhase section */

/* Begin PBXSourcesBuildPhase section */
		54D12EAE242D4DB6000B053F /* Sources */ = {
			isa = PBXSourcesBuildPhase;
			buildActionMask = 2147483647;
			files = (
				54B64565242EA7FB0036EF46 /* SecondViewController.m in Sources */,
				54B64561242EA7FB0036EF46 /* AppDelegate.m in Sources */,
				54B64563242EA7FB0036EF46 /* AdSdkDemoSettings.m in Sources */,
				54B6455F242EA7FB0036EF46 /* FirstViewController.m in Sources */,
				54B64566242EA7FB0036EF46 /* main.m in Sources */,
				54B64564242EA7FB0036EF46 /* SceneDelegate.m in Sources */,
			);
			runOnlyForDeploymentPostprocessing = 0;
		};
/* End PBXSourcesBuildPhase section */

/* Begin XCBuildConfiguration section */
		54D12EC9242D4DB9000B053F /* Debug */ = {
			isa = XCBuildConfiguration;
			buildSettings = {
				ALWAYS_SEARCH_USER_PATHS = NO;
				CLANG_ANALYZER_NONNULL = YES;
				CLANG_ANALYZER_NUMBER_OBJECT_CONVERSION = YES_AGGRESSIVE;
				CLANG_CXX_LANGUAGE_STANDARD = "gnu++14";
				CLANG_CXX_LIBRARY = "libc++";
				CLANG_ENABLE_MODULES = YES;
				CLANG_ENABLE_OBJC_ARC = YES;
				CLANG_ENABLE_OBJC_WEAK = YES;
				CLANG_WARN_BLOCK_CAPTURE_AUTORELEASING = YES;
				CLANG_WARN_BOOL_CONVERSION = YES;
				CLANG_WARN_COMMA = YES;
				CLANG_WARN_CONSTANT_CONVERSION = YES;
				CLANG_WARN_DEPRECATED_OBJC_IMPLEMENTATIONS = YES;
				CLANG_WARN_DIRECT_OBJC_ISA_USAGE = YES_ERROR;
				CLANG_WARN_DOCUMENTATION_COMMENTS = YES;
				CLANG_WARN_EMPTY_BODY = YES;
				CLANG_WARN_ENUM_CONVERSION = YES;
				CLANG_WARN_INFINITE_RECURSION = YES;
				CLANG_WARN_INT_CONVERSION = YES;
				CLANG_WARN_NON_LITERAL_NULL_CONVERSION = YES;
				CLANG_WARN_OBJC_IMPLICIT_RETAIN_SELF = YES;
				CLANG_WARN_OBJC_LITERAL_CONVERSION = YES;
				CLANG_WARN_OBJC_ROOT_CLASS = YES_ERROR;
				CLANG_WARN_RANGE_LOOP_ANALYSIS = YES;
				CLANG_WARN_STRICT_PROTOTYPES = YES;
				CLANG_WARN_SUSPICIOUS_MOVE = YES;
				CLANG_WARN_UNGUARDED_AVAILABILITY = YES_AGGRESSIVE;
				CLANG_WARN_UNREACHABLE_CODE = YES;
				CLANG_WARN__DUPLICATE_METHOD_MATCH = YES;
				COPY_PHASE_STRIP = NO;
				DEBUG_INFORMATION_FORMAT = dwarf;
				ENABLE_STRICT_OBJC_MSGSEND = YES;
				ENABLE_TESTABILITY = YES;
				GCC_C_LANGUAGE_STANDARD = gnu11;
				GCC_DYNAMIC_NO_PIC = NO;
				GCC_NO_COMMON_BLOCKS = YES;
				GCC_OPTIMIZATION_LEVEL = 0;
				GCC_PREPROCESSOR_DEFINITIONS = (
					"DEBUG=1",
					"$(inherited)",
				);
				GCC_WARN_64_TO_32_BIT_CONVERSION = YES;
				GCC_WARN_ABOUT_RETURN_TYPE = YES_ERROR;
				GCC_WARN_UNDECLARED_SELECTOR = YES;
				GCC_WARN_UNINITIALIZED_AUTOS = YES_AGGRESSIVE;
				GCC_WARN_UNUSED_FUNCTION = YES;
				GCC_WARN_UNUSED_VARIABLE = YES;
				IPHONEOS_DEPLOYMENT_TARGET = 13.2;
				MTL_ENABLE_DEBUG_INFO = INCLUDE_SOURCE;
				MTL_FAST_MATH = YES;
				ONLY_ACTIVE_ARCH = YES;
				SDKROOT = iphoneos;
			};
			name = Debug;
		};
		54D12ECA242D4DB9000B053F /* Release */ = {
			isa = XCBuildConfiguration;
			buildSettings = {
				ALWAYS_SEARCH_USER_PATHS = NO;
				CLANG_ANALYZER_NONNULL = YES;
				CLANG_ANALYZER_NUMBER_OBJECT_CONVERSION = YES_AGGRESSIVE;
				CLANG_CXX_LANGUAGE_STANDARD = "gnu++14";
				CLANG_CXX_LIBRARY = "libc++";
				CLANG_ENABLE_MODULES = YES;
				CLANG_ENABLE_OBJC_ARC = YES;
				CLANG_ENABLE_OBJC_WEAK = YES;
				CLANG_WARN_BLOCK_CAPTURE_AUTORELEASING = YES;
				CLANG_WARN_BOOL_CONVERSION = YES;
				CLANG_WARN_COMMA = YES;
				CLANG_WARN_CONSTANT_CONVERSION = YES;
				CLANG_WARN_DEPRECATED_OBJC_IMPLEMENTATIONS = YES;
				CLANG_WARN_DIRECT_OBJC_ISA_USAGE = YES_ERROR;
				CLANG_WARN_DOCUMENTATION_COMMENTS = YES;
				CLANG_WARN_EMPTY_BODY = YES;
				CLANG_WARN_ENUM_CONVERSION = YES;
				CLANG_WARN_INFINITE_RECURSION = YES;
				CLANG_WARN_INT_CONVERSION = YES;
				CLANG_WARN_NON_LITERAL_NULL_CONVERSION = YES;
				CLANG_WARN_OBJC_IMPLICIT_RETAIN_SELF = YES;
				CLANG_WARN_OBJC_LITERAL_CONVERSION = YES;
				CLANG_WARN_OBJC_ROOT_CLASS = YES_ERROR;
				CLANG_WARN_RANGE_LOOP_ANALYSIS = YES;
				CLANG_WARN_STRICT_PROTOTYPES = YES;
				CLANG_WARN_SUSPICIOUS_MOVE = YES;
				CLANG_WARN_UNGUARDED_AVAILABILITY = YES_AGGRESSIVE;
				CLANG_WARN_UNREACHABLE_CODE = YES;
				CLANG_WARN__DUPLICATE_METHOD_MATCH = YES;
				COPY_PHASE_STRIP = NO;
				DEBUG_INFORMATION_FORMAT = "dwarf-with-dsym";
				ENABLE_NS_ASSERTIONS = NO;
				ENABLE_STRICT_OBJC_MSGSEND = YES;
				GCC_C_LANGUAGE_STANDARD = gnu11;
				GCC_NO_COMMON_BLOCKS = YES;
				GCC_WARN_64_TO_32_BIT_CONVERSION = YES;
				GCC_WARN_ABOUT_RETURN_TYPE = YES_ERROR;
				GCC_WARN_UNDECLARED_SELECTOR = YES;
				GCC_WARN_UNINITIALIZED_AUTOS = YES_AGGRESSIVE;
				GCC_WARN_UNUSED_FUNCTION = YES;
				GCC_WARN_UNUSED_VARIABLE = YES;
				IPHONEOS_DEPLOYMENT_TARGET = 13.2;
				MTL_ENABLE_DEBUG_INFO = NO;
				MTL_FAST_MATH = YES;
				SDKROOT = iphoneos;
				VALIDATE_PRODUCT = YES;
			};
			name = Release;
		};
		54D12ECC242D4DB9000B053F /* Debug */ = {
			isa = XCBuildConfiguration;
			buildSettings = {
				ASSETCATALOG_COMPILER_APPICON_NAME = AppIcon;
				CODE_SIGN_IDENTITY = "Apple Development";
				CODE_SIGN_STYLE = Automatic;
				DEVELOPMENT_TEAM = TL55SBB4FM;
				FRAMEWORK_SEARCH_PATHS = (
					"$(inherited)",
					"$(PROJECT_DIR)",
				);
				INFOPLIST_FILE = "$(SRCROOT)/Info.plist";
				IPHONEOS_DEPLOYMENT_TARGET = 9.0;
				LD_RUNPATH_SEARCH_PATHS = (
					"$(inherited)",
					"@executable_path/Frameworks",
				);
				PRODUCT_BUNDLE_IDENTIFIER = net.pubnative.iqvdemo;
				PRODUCT_NAME = "$(TARGET_NAME)";
				PROVISIONING_PROFILE_SPECIFIER = "";
				TARGETED_DEVICE_FAMILY = "1,2";
			};
			name = Debug;
		};
		54D12ECD242D4DB9000B053F /* Release */ = {
			isa = XCBuildConfiguration;
			buildSettings = {
				ASSETCATALOG_COMPILER_APPICON_NAME = AppIcon;
				CODE_SIGN_IDENTITY = "Apple Development";
				CODE_SIGN_STYLE = Automatic;
				DEVELOPMENT_TEAM = TL55SBB4FM;
				FRAMEWORK_SEARCH_PATHS = (
					"$(inherited)",
					"$(PROJECT_DIR)",
				);
				INFOPLIST_FILE = "$(SRCROOT)/Info.plist";
				IPHONEOS_DEPLOYMENT_TARGET = 9.0;
				LD_RUNPATH_SEARCH_PATHS = (
					"$(inherited)",
					"@executable_path/Frameworks",
				);
				PRODUCT_BUNDLE_IDENTIFIER = net.pubnative.iqvdemo;
				PRODUCT_NAME = "$(TARGET_NAME)";
				PROVISIONING_PROFILE_SPECIFIER = "";
				TARGETED_DEVICE_FAMILY = "1,2";
			};
			name = Release;
		};
/* End XCBuildConfiguration section */

/* Begin XCConfigurationList section */
		54D12EAD242D4DB6000B053F /* Build configuration list for PBXProject "iqv demo" */ = {
			isa = XCConfigurationList;
			buildConfigurations = (
				54D12EC9242D4DB9000B053F /* Debug */,
				54D12ECA242D4DB9000B053F /* Release */,
			);
			defaultConfigurationIsVisible = 0;
			defaultConfigurationName = Release;
		};
		54D12ECB242D4DB9000B053F /* Build configuration list for PBXNativeTarget "iqv demo" */ = {
			isa = XCConfigurationList;
			buildConfigurations = (
				54D12ECC242D4DB9000B053F /* Debug */,
				54D12ECD242D4DB9000B053F /* Release */,
			);
			defaultConfigurationIsVisible = 0;
			defaultConfigurationName = Release;
		};
/* End XCConfigurationList section */
	};
	rootObject = 54D12EAA242D4DB6000B053F /* Project object */;
}
